
Microsoft Visual Studio Solution File, Format Version 12.00
# Visual Studio 14
VisualStudioVersion = 14.0.25420.1
MinimumVisualStudioVersion = 10.0.40219.1
Project("{FAE04EC0-301F-11D3-BF4B-00C04F79EFBC}") = "DurakProject", "DurakProject\DurakProject.csproj", "{6E5DDBD0-B64E-4506-A9CD-8BF3975DD157}"
EndProject
Project("{FAE04EC0-301F-11D3-BF4B-00C04F79EFBC}") = "DurakClassLibrary", "DurakClassLibrary\DurakClassLibrary.csproj", "{927387B7-A549-4428-B375-7EFA91564817}"
EndProject
Project("{FAE04EC0-301F-11D3-BF4B-00C04F79EFBC}") = "CardBox", "CardBox\CardBox.csproj", "{BE7338B8-23DF-4D40-B23C-9462696C2529}"
EndProject
Project("{FAE04EC0-301F-11D3-BF4B-00C04F79EFBC}") = "StatsLibrary", "StatsLibrary\StatsLibrary.csproj", "{4DA37E56-A479-4757-8CB3-5A5E5F3E08E2}"
EndProject
Global
	GlobalSection(SolutionConfigurationPlatforms) = preSolution
		Debug|Any CPU = Debug|Any CPU
		Release|Any CPU = Release|Any CPU
	EndGlobalSection
	GlobalSection(ProjectConfigurationPlatforms) = postSolution
		{6E5DDBD0-B64E-4506-A9CD-8BF3975DD157}.Debug|Any CPU.ActiveCfg = Debug|Any CPU
		{6E5DDBD0-B64E-4506-A9CD-8BF3975DD157}.Debug|Any CPU.Build.0 = Debug|Any CPU
		{6E5DDBD0-B64E-4506-A9CD-8BF3975DD157}.Release|Any CPU.ActiveCfg = Release|Any CPU
		{6E5DDBD0-B64E-4506-A9CD-8BF3975DD157}.Release|Any CPU.Build.0 = Release|Any CPU
		{927387B7-A549-4428-B375-7EFA91564817}.Debug|Any CPU.ActiveCfg = Debug|Any CPU
		{927387B7-A549-4428-B375-7EFA91564817}.Debug|Any CPU.Build.0 = Debug|Any CPU
		{927387B7-A549-4428-B375-7EFA91564817}.Release|Any CPU.ActiveCfg = Release|Any CPU
		{927387B7-A549-4428-B375-7EFA91564817}.Release|Any CPU.Build.0 = Release|Any CPU
		{BE7338B8-23DF-4D40-B23C-9462696C2529}.Debug|Any CPU.ActiveCfg = Debug|Any CPU
		{BE7338B8-23DF-4D40-B23C-9462696C2529}.Debug|Any CPU.Build.0 = Debug|Any CPU
		{BE7338B8-23DF-4D40-B23C-9462696C2529}.Release|Any CPU.ActiveCfg = Release|Any CPU
		{BE7338B8-23DF-4D40-B23C-9462696C2529}.Release|Any CPU.Build.0 = Release|Any CPU
		{4DA37E56-A479-4757-8CB3-5A5E5F3E08E2}.Debug|Any CPU.ActiveCfg = Debug|Any CPU
		{4DA37E56-A479-4757-8CB3-5A5E5F3E08E2}.Debug|Any CPU.Build.0 = Debug|Any CPU
		{4DA37E56-A479-4757-8CB3-5A5E5F3E08E2}.Release|Any CPU.ActiveCfg = Release|Any CPU
		{4DA37E56-A479-4757-8CB3-5A5E5F3E08E2}.Release|Any CPU.Build.0 = Release|Any CPU
	EndGlobalSection
	GlobalSection(SolutionProperties) = preSolution
		HideSolutionNode = FALSE
	EndGlobalSection
	GlobalSection(ExtensibilityGlobals) = postSolution
		SolutionGuid = {AF9AC3B3-3BA6-4D7E-A8DE-9CB55B72FE1E}
	EndGlobalSection
EndGlobal
